
Microsoft Visual Studio Solution File, Format Version 12.00
# Visual Studio Version 16
VisualStudioVersion = 16.0.809.10
MinimumVisualStudioVersion = 10.0.40219.1
Project("{FAE04EC0-301F-11D3-BF4B-00C04F79EFBC}") = "LinkIndia", "LinkIndia\LinkIndia.csproj", "{BDD7631C-9988-4337-9B65-E30B6F542461}"
EndProject
Global
	GlobalSection(SolutionConfigurationPlatforms) = preSolution
		Debug|Any CPU = Debug|Any CPU
		Release|Any CPU = Release|Any CPU
	EndGlobalSection
	GlobalSection(ProjectConfigurationPlatforms) = postSolution
		{BDD7631C-9988-4337-9B65-E30B6F542461}.Debug|Any CPU.ActiveCfg = Debug|Any CPU
		{BDD7631C-9988-4337-9B65-E30B6F542461}.Debug|Any CPU.Build.0 = Debug|Any CPU
		{BDD7631C-9988-4337-9B65-E30B6F542461}.Release|Any CPU.ActiveCfg = Release|Any CPU
		{BDD7631C-9988-4337-9B65-E30B6F542461}.Release|Any CPU.Build.0 = Release|Any CPU
	EndGlobalSection
	GlobalSection(SolutionProperties) = preSolution
		HideSolutionNode = FALSE
	EndGlobalSection
	GlobalSection(ExtensibilityGlobals) = postSolution
		SolutionGuid = {D8A49590-630A-4F0A-8EAF-B1F6693CFE86}
	EndGlobalSection
EndGlobal
